
Microsoft Visual Studio Solution File, Format Version 12.00
# Visual Studio 14
VisualStudioVersion = 14.0.23107.0
MinimumVisualStudioVersion = 10.0.40219.1
Project("{FAE04EC0-301F-11D3-BF4B-00C04F79EFBC}") = "Microsoft.VisualStudio.Debugger.NPLEngine", "Microsoft.VisualStudio.Debugger.SampleEngine\Microsoft.VisualStudio.Debugger.NPLEngine.csproj", "{6D2688FE-6FD8-44A8-B96A-6037457F72A7}"
EndProject
Project("{8BC9CEB8-8B4A-11D0-8D11-00A0C91BC942}") = "Microsoft.VisualStudio.Debugger.NPLEngineWorker", "Microsoft.VisualStudio.Debugger.SampleEngineWorker\Microsoft.VisualStudio.Debugger.SampleEngineWorker.vcxproj", "{CC7B28E0-CB31-44F7-A380-E7072F670F38}"
EndProject
Project("{FAE04EC0-301F-11D3-BF4B-00C04F79EFBC}") = "NPLDebuggerPackage", "NPLDebuggerPackage\NPLDebuggerPackage.csproj", "{45E38911-1D81-4CC8-9266-AFCEBD00FE27}"
EndProject
Project("{2150E333-8FDC-42A3-9474-1A3956D46DE8}") = "Solution Items", "Solution Items", "{01B33E64-93EC-43C8-8583-4E105AF4EEF4}"
	ProjectSection(SolutionItems) = preProject
		README.md = README.md
	EndProjectSection
EndProject
Global
	GlobalSection(SubversionScc) = preSolution
		Svn-Managed = True
		Manager = AnkhSVN - Subversion Support for Visual Studio
	EndGlobalSection
	GlobalSection(SolutionConfigurationPlatforms) = preSolution
		Debug|Any CPU = Debug|Any CPU
		Debug|Mixed Platforms = Debug|Mixed Platforms
		Debug|Win32 = Debug|Win32
		Release|Any CPU = Release|Any CPU
		Release|Mixed Platforms = Release|Mixed Platforms
		Release|Win32 = Release|Win32
	EndGlobalSection
	GlobalSection(ProjectConfigurationPlatforms) = postSolution
		{6D2688FE-6FD8-44A8-B96A-6037457F72A7}.Debug|Any CPU.ActiveCfg = Debug|Any CPU
		{6D2688FE-6FD8-44A8-B96A-6037457F72A7}.Debug|Any CPU.Build.0 = Debug|Any CPU
		{6D2688FE-6FD8-44A8-B96A-6037457F72A7}.Debug|Mixed Platforms.ActiveCfg = Debug|Any CPU
		{6D2688FE-6FD8-44A8-B96A-6037457F72A7}.Debug|Mixed Platforms.Build.0 = Debug|Any CPU
		{6D2688FE-6FD8-44A8-B96A-6037457F72A7}.Debug|Win32.ActiveCfg = Debug|Any CPU
		{6D2688FE-6FD8-44A8-B96A-6037457F72A7}.Release|Any CPU.ActiveCfg = Release|Any CPU
		{6D2688FE-6FD8-44A8-B96A-6037457F72A7}.Release|Any CPU.Build.0 = Release|Any CPU
		{6D2688FE-6FD8-44A8-B96A-6037457F72A7}.Release|Mixed Platforms.ActiveCfg = Release|Any CPU
		{6D2688FE-6FD8-44A8-B96A-6037457F72A7}.Release|Mixed Platforms.Build.0 = Release|Any CPU
		{6D2688FE-6FD8-44A8-B96A-6037457F72A7}.Release|Win32.ActiveCfg = Release|Any CPU
		{CC7B28E0-CB31-44F7-A380-E7072F670F38}.Debug|Any CPU.ActiveCfg = Debug|Win32
		{CC7B28E0-CB31-44F7-A380-E7072F670F38}.Debug|Mixed Platforms.ActiveCfg = Debug|Win32
		{CC7B28E0-CB31-44F7-A380-E7072F670F38}.Debug|Mixed Platforms.Build.0 = Debug|Win32
		{CC7B28E0-CB31-44F7-A380-E7072F670F38}.Debug|Win32.ActiveCfg = Debug|Win32
		{CC7B28E0-CB31-44F7-A380-E7072F670F38}.Debug|Win32.Build.0 = Debug|Win32
		{CC7B28E0-CB31-44F7-A380-E7072F670F38}.Release|Any CPU.ActiveCfg = Release|Win32
		{CC7B28E0-CB31-44F7-A380-E7072F670F38}.Release|Mixed Platforms.ActiveCfg = Release|Win32
		{CC7B28E0-CB31-44F7-A380-E7072F670F38}.Release|Mixed Platforms.Build.0 = Release|Win32
		{CC7B28E0-CB31-44F7-A380-E7072F670F38}.Release|Win32.ActiveCfg = Release|Win32
		{CC7B28E0-CB31-44F7-A380-E7072F670F38}.Release|Win32.Build.0 = Release|Win32
		{45E38911-1D81-4CC8-9266-AFCEBD00FE27}.Debug|Any CPU.ActiveCfg = Debug|Any CPU
		{45E38911-1D81-4CC8-9266-AFCEBD00FE27}.Debug|Any CPU.Build.0 = Debug|Any CPU
		{45E38911-1D81-4CC8-9266-AFCEBD00FE27}.Debug|Mixed Platforms.ActiveCfg = Debug|Any CPU
		{45E38911-1D81-4CC8-9266-AFCEBD00FE27}.Debug|Mixed Platforms.Build.0 = Debug|Any CPU
		{45E38911-1D81-4CC8-9266-AFCEBD00FE27}.Debug|Win32.ActiveCfg = Debug|Any CPU
		{45E38911-1D81-4CC8-9266-AFCEBD00FE27}.Release|Any CPU.ActiveCfg = Release|Any CPU
		{45E38911-1D81-4CC8-9266-AFCEBD00FE27}.Release|Any CPU.Build.0 = Release|Any CPU
		{45E38911-1D81-4CC8-9266-AFCEBD00FE27}.Release|Mixed Platforms.ActiveCfg = Release|Any CPU
		{45E38911-1D81-4CC8-9266-AFCEBD00FE27}.Release|Mixed Platforms.Build.0 = Release|Any CPU
		{45E38911-1D81-4CC8-9266-AFCEBD00FE27}.Release|Win32.ActiveCfg = Release|Any CPU
	EndGlobalSection
	GlobalSection(SolutionProperties) = preSolution
		HideSolutionNode = FALSE
	EndGlobalSection
EndGlobal
